PODS:
  - BEMCheckBox (1.4.1)
  - boost (1.76.0)
  - DoubleConversion (1.1.6)
  - FBLazyVector (0.71.0)
  - FBReactNativeSpec (0.71.0):
    - RCT-Folly (= 2021.07.22.00)
    - RCTRequired (= 0.71.0)
    - RCTTypeSafety (= 0.71.0)
    - React-Core (= 0.71.0)
    - React-jsi (= 0.71.0)
    - ReactCommon/turbomodule/core (= 0.71.0)
  - Firebase/CoreOnly (10.11.0):
    - FirebaseCore (= 10.11.0)
  - Firebase/Messaging (10.11.0):
    - Firebase/CoreOnly
    - FirebaseMessaging (~> 10.11.0)
  - FirebaseCore (10.11.0):
    - FirebaseCoreInternal (~> 10.0)
    - GoogleUtilities/Environment (~> 7.8)
    - GoogleUtilities/Logger (~> 7.8)
  - FirebaseCoreExtension (10.11.0):
    - FirebaseCore (~> 10.0)
  - FirebaseCoreInternal (10.11.0):
    - "GoogleUtilities/NSData+zlib (~> 7.8)"
  - FirebaseInstallations (10.11.0):
    - FirebaseCore (~> 10.0)
    - GoogleUtilities/Environment (~> 7.8)
    - GoogleUtilities/UserDefaults (~> 7.8)
    - PromisesObjC (~> 2.1)
  - FirebaseMessaging (10.11.0):
    - FirebaseCore (~> 10.0)
    - FirebaseInstallations (~> 10.0)
    - GoogleDataTransport (~> 9.2)
    - GoogleUtilities/AppDelegateSwizzler (~> 7.8)
    - GoogleUtilities/Environment (~> 7.8)
    - GoogleUtilities/Reachability (~> 7.8)
    - GoogleUtilities/UserDefaults (~> 7.8)
    - nanopb (< 2.30910.0, >= 2.30908.0)
  - fmt (6.2.1)
  - glog (0.3.5)
  - GoogleDataTransport (9.2.3):
    - GoogleUtilities/Environment (~> 7.7)
    - nanopb (< 2.30910.0, >= 2.30908.0)
    - PromisesObjC (< 3.0, >= 1.2)
  - GoogleUtilities/AppDelegateSwizzler (7.11.1):
    - GoogleUtilities/Environment
    - GoogleUtilities/Logger
    - GoogleUtilities/Network
  - GoogleUtilities/Environment (7.11.1):
    - PromisesObjC (< 3.0, >= 1.2)
  - GoogleUtilities/Logger (7.11.1):
    - GoogleUtilities/Environment
  - GoogleUtilities/Network (7.11.1):
    - GoogleUtilities/Logger
    - "GoogleUtilities/NSData+zlib"
    - GoogleUtilities/Reachability
  - "GoogleUtilities/NSData+zlib (7.11.1)"
  - GoogleUtilities/Reachability (7.11.1):
    - GoogleUtilities/Logger
  - GoogleUtilities/UserDefaults (7.11.1):
    - GoogleUtilities/Logger
  - nanopb (2.30909.0):
    - nanopb/decode (= 2.30909.0)
    - nanopb/encode (= 2.30909.0)
  - nanopb/decode (2.30909.0)
  - nanopb/encode (2.30909.0)
  - PromisesObjC (2.2.0)
  - RCT-Folly (2021.07.22.00):
    - boost
    - DoubleConversion
    - fmt (~> 6.2.1)
    - glog
    - RCT-Folly/Default (= 2021.07.22.00)
  - RCT-Folly/Default (2021.07.22.00):
    - boost
    - DoubleConversion
    - fmt (~> 6.2.1)
    - glog
  - RCTRequired (0.71.0)
  - RCTTypeSafety (0.71.0):
    - FBLazyVector (= 0.71.0)
    - RCTRequired (= 0.71.0)
    - React-Core (= 0.71.0)
  - React (0.71.0):
    - React-Core (= 0.71.0)
    - React-Core/DevSupport (= 0.71.0)
    - React-Core/RCTWebSocket (= 0.71.0)
    - React-RCTActionSheet (= 0.71.0)
    - React-RCTAnimation (= 0.71.0)
    - React-RCTBlob (= 0.71.0)
    - React-RCTImage (= 0.71.0)
    - React-RCTLinking (= 0.71.0)
    - React-RCTNetwork (= 0.71.0)
    - React-RCTSettings (= 0.71.0)
    - React-RCTText (= 0.71.0)
    - React-RCTVibration (= 0.71.0)
  - React-callinvoker (0.71.0)
  - React-Codegen (0.71.0):
    - FBReactNativeSpec
    - RCT-Folly
    - RCTRequired
    - RCTTypeSafety
    - React-Core
    - React-jsc
    - React-jsi
    - React-jsiexecutor
    - ReactCommon/turbomodule/bridging
    - ReactCommon/turbomodule/core
  - React-Core (0.71.0):
    - glog
    - RCT-Folly (= 2021.07.22.00)
    - React-Core/Default (= 0.71.0)
    - React-cxxreact (= 0.71.0)
    - React-jsi (= 0.71.0)
    - React-jsiexecutor (= 0.71.0)
    - React-perflogger (= 0.71.0)
    - Yoga
  - React-Core/CoreModulesHeaders (0.71.0):
    - glog
    - RCT-Folly (= 2021.07.22.00)
    - React-Core/Default
    - React-cxxreact (= 0.71.0)
    - React-jsi (= 0.71.0)
    - React-jsiexecutor (= 0.71.0)
    - React-perflogger (= 0.71.0)
    - Yoga
  - React-Core/Default (0.71.0):
    - glog
    - RCT-Folly (= 2021.07.22.00)
    - React-cxxreact (= 0.71.0)
    - React-jsi (= 0.71.0)
    - React-jsiexecutor (= 0.71.0)
    - React-perflogger (= 0.71.0)
    - Yoga
  - React-Core/DevSupport (0.71.0):
    - glog
    - RCT-Folly (= 2021.07.22.00)
    - React-Core/Default (= 0.71.0)
    - React-Core/RCTWebSocket (= 0.71.0)
    - React-cxxreact (= 0.71.0)
    - React-jsi (= 0.71.0)
    - React-jsiexecutor (= 0.71.0)
    - React-jsinspector (= 0.71.0)
    - React-perflogger (= 0.71.0)
    - Yoga
  - React-Core/RCTActionSheetHeaders (0.71.0):
    - glog
    - RCT-Folly (= 2021.07.22.00)
    - React-Core/Default
    - React-cxxreact (= 0.71.0)
    - React-jsi (= 0.71.0)
    - React-jsiexecutor (= 0.71.0)
    - React-perflogger (= 0.71.0)
    - Yoga
  - React-Core/RCTAnimationHeaders (0.71.0):
    - glog
    - RCT-Folly (= 2021.07.22.00)
    - React-Core/Default
    - React-cxxreact (= 0.71.0)
    - React-jsi (= 0.71.0)
    - React-jsiexecutor (= 0.71.0)
    - React-perflogger (= 0.71.0)
    - Yoga
  - React-Core/RCTBlobHeaders (0.71.0):
    - glog
    - RCT-Folly (= 2021.07.22.00)
    - React-Core/Default
    - React-cxxreact (= 0.71.0)
    - React-jsi (= 0.71.0)
    - React-jsiexecutor (= 0.71.0)
    - React-perflogger (= 0.71.0)
    - Yoga
  - React-Core/RCTImageHeaders (0.71.0):
    - glog
    - RCT-Folly (= 2021.07.22.00)
    - React-Core/Default
    - React-cxxreact (= 0.71.0)
    - React-jsi (= 0.71.0)
    - React-jsiexecutor (= 0.71.0)
    - React-perflogger (= 0.71.0)
    - Yoga
  - React-Core/RCTLinkingHeaders (0.71.0):
    - glog
    - RCT-Folly (= 2021.07.22.00)
    - React-Core/Default
    - React-cxxreact (= 0.71.0)
    - React-jsi (= 0.71.0)
    - React-jsiexecutor (= 0.71.0)
    - React-perflogger (= 0.71.0)
    - Yoga
  - React-Core/RCTNetworkHeaders (0.71.0):
    - glog
    - RCT-Folly (= 2021.07.22.00)
    - React-Core/Default
    - React-cxxreact (= 0.71.0)
    - React-jsi (= 0.71.0)
    - React-jsiexecutor (= 0.71.0)
    - React-perflogger (= 0.71.0)
    - Yoga
  - React-Core/RCTSettingsHeaders (0.71.0):
    - glog
    - RCT-Folly (= 2021.07.22.00)
    - React-Core/Default
    - React-cxxreact (= 0.71.0)
    - React-jsi (= 0.71.0)
    - React-jsiexecutor (= 0.71.0)
    - React-perflogger (= 0.71.0)
    - Yoga
  - React-Core/RCTTextHeaders (0.71.0):
    - glog
    - RCT-Folly (= 2021.07.22.00)
    - React-Core/Default
    - React-cxxreact (= 0.71.0)
    - React-jsi (= 0.71.0)
    - React-jsiexecutor (= 0.71.0)
    - React-perflogger (= 0.71.0)
    - Yoga
  - React-Core/RCTVibrationHeaders (0.71.0):
    - glog
    - RCT-Folly (= 2021.07.22.00)
    - React-Core/Default
    - React-cxxreact (= 0.71.0)
    - React-jsi (= 0.71.0)
    - React-jsiexecutor (= 0.71.0)
    - React-perflogger (= 0.71.0)
    - Yoga
  - React-Core/RCTWebSocket (0.71.0):
    - glog
    - RCT-Folly (= 2021.07.22.00)
    - React-Core/Default (= 0.71.0)
    - React-cxxreact (= 0.71.0)
    - React-jsi (= 0.71.0)
    - React-jsiexecutor (= 0.71.0)
    - React-perflogger (= 0.71.0)
    - Yoga
  - React-CoreModules (0.71.0):
    - RCT-Folly (= 2021.07.22.00)
    - RCTTypeSafety (= 0.71.0)
    - React-Codegen (= 0.71.0)
    - React-Core/CoreModulesHeaders (= 0.71.0)
    - React-jsi (= 0.71.0)
    - React-RCTImage (= 0.71.0)
    - ReactCommon/turbomodule/core (= 0.71.0)
  - React-cxxreact (0.71.0):
    - boost (= 1.76.0)
    - DoubleConversion
    - glog
    - RCT-Folly (= 2021.07.22.00)
    - React-callinvoker (= 0.71.0)
    - React-jsi (= 0.71.0)
    - React-jsinspector (= 0.71.0)
    - React-logger (= 0.71.0)
    - React-perflogger (= 0.71.0)
    - React-runtimeexecutor (= 0.71.0)
  - React-jsc (0.71.0):
    - React-jsc/Fabric (= 0.71.0)
    - React-jsi (= 0.71.0)
  - React-jsc/Fabric (0.71.0):
    - React-jsi (= 0.71.0)
  - React-jsi (0.71.0):
    - boost (= 1.76.0)
    - DoubleConversion
    - glog
    - RCT-Folly (= 2021.07.22.00)
  - React-jsiexecutor (0.71.0):
    - DoubleConversion
    - glog
    - RCT-Folly (= 2021.07.22.00)
    - React-cxxreact (= 0.71.0)
    - React-jsi (= 0.71.0)
    - React-perflogger (= 0.71.0)
  - React-jsinspector (0.71.0)
  - React-logger (0.71.0):
    - glog
  - react-native-cameraroll (5.7.1):
    - React-Core
  - react-native-image-picker (5.6.0):
    - React-Core
  - react-native-safe-area-context (3.4.1):
    - React-Core
  - react-native-segmented-control (2.2.2):
    - React-Core
  - react-native-slider (4.4.2):
    - React-Core
  - React-perflogger (0.71.0)
  - React-RCTActionSheet (0.71.0):
    - React-Core/RCTActionSheetHeaders (= 0.71.0)
  - React-RCTAnimation (0.71.0):
    - RCT-Folly (= 2021.07.22.00)
    - RCTTypeSafety (= 0.71.0)
    - React-Codegen (= 0.71.0)
    - React-Core/RCTAnimationHeaders (= 0.71.0)
    - React-jsi (= 0.71.0)
    - ReactCommon/turbomodule/core (= 0.71.0)
  - React-RCTAppDelegate (0.71.0):
    - RCT-Folly
    - RCTRequired
    - RCTTypeSafety
    - React-Core
    - ReactCommon/turbomodule/core
  - React-RCTBlob (0.71.0):
    - RCT-Folly (= 2021.07.22.00)
    - React-Codegen (= 0.71.0)
    - React-Core/RCTBlobHeaders (= 0.71.0)
    - React-Core/RCTWebSocket (= 0.71.0)
    - React-jsi (= 0.71.0)
    - React-RCTNetwork (= 0.71.0)
    - ReactCommon/turbomodule/core (= 0.71.0)
  - React-RCTImage (0.71.0):
    - RCT-Folly (= 2021.07.22.00)
    - RCTTypeSafety (= 0.71.0)
    - React-Codegen (= 0.71.0)
    - React-Core/RCTImageHeaders (= 0.71.0)
    - React-jsi (= 0.71.0)
    - React-RCTNetwork (= 0.71.0)
    - ReactCommon/turbomodule/core (= 0.71.0)
  - React-RCTLinking (0.71.0):
    - React-Codegen (= 0.71.0)
    - React-Core/RCTLinkingHeaders (= 0.71.0)
    - React-jsi (= 0.71.0)
    - ReactCommon/turbomodule/core (= 0.71.0)
  - React-RCTNetwork (0.71.0):
    - RCT-Folly (= 2021.07.22.00)
    - RCTTypeSafety (= 0.71.0)
    - React-Codegen (= 0.71.0)
    - React-Core/RCTNetworkHeaders (= 0.71.0)
    - React-jsi (= 0.71.0)
    - ReactCommon/turbomodule/core (= 0.71.0)
  - React-RCTSettings (0.71.0):
    - RCT-Folly (= 2021.07.22.00)
    - RCTTypeSafety (= 0.71.0)
    - React-Codegen (= 0.71.0)
    - React-Core/RCTSettingsHeaders (= 0.71.0)
    - React-jsi (= 0.71.0)
    - ReactCommon/turbomodule/core (= 0.71.0)
  - React-RCTText (0.71.0):
    - React-Core/RCTTextHeaders (= 0.71.0)
  - React-RCTVibration (0.71.0):
    - RCT-Folly (= 2021.07.22.00)
    - React-Codegen (= 0.71.0)
    - React-Core/RCTVibrationHeaders (= 0.71.0)
    - React-jsi (= 0.71.0)
    - ReactCommon/turbomodule/core (= 0.71.0)
  - React-runtimeexecutor (0.71.0):
    - React-jsi (= 0.71.0)
  - ReactCommon/turbomodule/bridging (0.71.0):
    - DoubleConversion
    - glog
    - RCT-Folly (= 2021.07.22.00)
    - React-callinvoker (= 0.71.0)
    - React-Core (= 0.71.0)
    - React-cxxreact (= 0.71.0)
    - React-jsi (= 0.71.0)
    - React-logger (= 0.71.0)
    - React-perflogger (= 0.71.0)
  - ReactCommon/turbomodule/core (0.71.0):
    - DoubleConversion
    - glog
    - RCT-Folly (= 2021.07.22.00)
    - React-callinvoker (= 0.71.0)
    - React-Core (= 0.71.0)
    - React-cxxreact (= 0.71.0)
    - React-jsi (= 0.71.0)
    - React-logger (= 0.71.0)
    - React-perflogger (= 0.71.0)
  - RNCAsyncStorage (1.18.2):
    - React-Core
  - RNCCheckbox (0.5.16):
    - BEMCheckBox (~> 1.4)
    - React-Core
  - RNCPicker (2.4.10):
    - React-Core
  - RNFBApp (18.1.0):
    - Firebase/CoreOnly (= 10.11.0)
    - React-Core
  - RNFBMessaging (18.1.0):
    - Firebase/Messaging (= 10.11.0)
    - FirebaseCoreExtension (= 10.11.0)
    - React-Core
    - RNFBApp
  - RNGestureHandler (1.10.3):
    - React-Core
  - RNImageCropPicker (0.39.0):
    - React-Core
    - React-RCTImage
    - RNImageCropPicker/QBImagePickerController (= 0.39.0)
    - TOCropViewController
  - RNImageCropPicker/QBImagePickerController (0.39.0):
    - React-Core
    - React-RCTImage
    - TOCropViewController
  - RNReanimated (2.17.0):
    - DoubleConversion
    - FBLazyVector
    - FBReactNativeSpec
    - glog
    - RCT-Folly
    - RCTRequired
    - RCTTypeSafety
    - React-callinvoker
    - React-Core
    - React-Core/DevSupport
    - React-Core/RCTWebSocket
    - React-CoreModules
    - React-cxxreact
    - React-jsi
    - React-jsiexecutor
    - React-jsinspector
    - React-RCTActionSheet
    - React-RCTAnimation
    - React-RCTBlob
    - React-RCTImage
    - React-RCTLinking
    - React-RCTNetwork
    - React-RCTSettings
    - React-RCTText
    - ReactCommon/turbomodule/core
    - Yoga
  - RNScreens (3.22.0):
    - React-Core
    - React-RCTImage
  - RNSVG (13.9.0):
    - React-Core
  - RNVectorIcons (9.2.0):
    - React-Core
  - TOCropViewController (2.6.1)
  - Yoga (1.14.0)

DEPENDENCIES:
  - boost (from `../node_modules/react-native/third-party-podspecs/boost.podspec`)
  - DoubleConversion (from `../node_modules/react-native/third-party-podspecs/DoubleConversion.podspec`)
  - FBLazyVector (from `../node_modules/react-native/Libraries/FBLazyVector`)
  - FBReactNativeSpec (from `../node_modules/react-native/React/FBReactNativeSpec`)
  - glog (from `../node_modules/react-native/third-party-podspecs/glog.podspec`)
  - RCT-Folly (from `../node_modules/react-native/third-party-podspecs/RCT-Folly.podspec`)
  - RCTRequired (from `../node_modules/react-native/Libraries/RCTRequired`)
  - RCTTypeSafety (from `../node_modules/react-native/Libraries/TypeSafety`)
  - React (from `../node_modules/react-native/`)
  - React-callinvoker (from `../node_modules/react-native/ReactCommon/callinvoker`)
  - React-Codegen (from `build/generated/ios`)
  - React-Core (from `../node_modules/react-native/`)
  - React-Core/RCTWebSocket (from `../node_modules/react-native/`)
  - React-CoreModules (from `../node_modules/react-native/React/CoreModules`)
  - React-cxxreact (from `../node_modules/react-native/ReactCommon/cxxreact`)
  - React-jsc (from `../node_modules/react-native/ReactCommon/jsc`)
  - React-jsi (from `../node_modules/react-native/ReactCommon/jsi`)
  - React-jsiexecutor (from `../node_modules/react-native/ReactCommon/jsiexecutor`)
  - React-jsinspector (from `../node_modules/react-native/ReactCommon/jsinspector`)
  - React-logger (from `../node_modules/react-native/ReactCommon/logger`)
  - "react-native-cameraroll (from `../node_modules/@react-native-camera-roll/camera-roll`)"
  - react-native-image-picker (from `../node_modules/react-native-image-picker`)
  - react-native-safe-area-context (from `../node_modules/react-native-safe-area-context`)
  - "react-native-segmented-control (from `../node_modules/@react-native-community/segmented-control`)"
  - "react-native-slider (from `../node_modules/@react-native-community/slider`)"
  - React-perflogger (from `../node_modules/react-native/ReactCommon/reactperflogger`)
  - React-RCTActionSheet (from `../node_modules/react-native/Libraries/ActionSheetIOS`)
  - React-RCTAnimation (from `../node_modules/react-native/Libraries/NativeAnimation`)
  - React-RCTAppDelegate (from `../node_modules/react-native/Libraries/AppDelegate`)
  - React-RCTBlob (from `../node_modules/react-native/Libraries/Blob`)
  - React-RCTImage (from `../node_modules/react-native/Libraries/Image`)
  - React-RCTLinking (from `../node_modules/react-native/Libraries/LinkingIOS`)
  - React-RCTNetwork (from `../node_modules/react-native/Libraries/Network`)
  - React-RCTSettings (from `../node_modules/react-native/Libraries/Settings`)
  - React-RCTText (from `../node_modules/react-native/Libraries/Text`)
  - React-RCTVibration (from `../node_modules/react-native/Libraries/Vibration`)
  - React-runtimeexecutor (from `../node_modules/react-native/ReactCommon/runtimeexecutor`)
  - ReactCommon/turbomodule/core (from `../node_modules/react-native/ReactCommon`)
  - "RNCAsyncStorage (from `../node_modules/@react-native-async-storage/async-storage`)"
  - "RNCCheckbox (from `../node_modules/@react-native-community/checkbox`)"
  - "RNCPicker (from `../node_modules/@react-native-picker/picker`)"
  - "RNFBApp (from `../node_modules/@react-native-firebase/app`)"
  - "RNFBMessaging (from `../node_modules/@react-native-firebase/messaging`)"
  - RNGestureHandler (from `../node_modules/react-native-gesture-handler`)
  - RNImageCropPicker (from `../node_modules/react-native-image-crop-picker`)
  - RNReanimated (from `../node_modules/react-native-reanimated`)
  - RNScreens (from `../node_modules/react-native-screens`)
  - RNSVG (from `../node_modules/react-native-svg`)
  - RNVectorIcons (from `../node_modules/react-native-vector-icons`)
  - Yoga (from `../node_modules/react-native/ReactCommon/yoga`)

SPEC REPOS:
  trunk:
    - BEMCheckBox
    - Firebase
    - FirebaseCore
    - FirebaseCoreExtension
    - FirebaseCoreInternal
    - FirebaseInstallations
    - FirebaseMessaging
    - fmt
    - GoogleDataTransport
    - GoogleUtilities
    - nanopb
    - PromisesObjC
    - TOCropViewController

EXTERNAL SOURCES:
  boost:
    :podspec: "../node_modules/react-native/third-party-podspecs/boost.podspec"
  DoubleConversion:
    :podspec: "../node_modules/react-native/third-party-podspecs/DoubleConversion.podspec"
  FBLazyVector:
    :path: "../node_modules/react-native/Libraries/FBLazyVector"
  FBReactNativeSpec:
    :path: "../node_modules/react-native/React/FBReactNativeSpec"
  glog:
    :podspec: "../node_modules/react-native/third-party-podspecs/glog.podspec"
  RCT-Folly:
    :podspec: "../node_modules/react-native/third-party-podspecs/RCT-Folly.podspec"
  RCTRequired:
    :path: "../node_modules/react-native/Libraries/RCTRequired"
  RCTTypeSafety:
    :path: "../node_modules/react-native/Libraries/TypeSafety"
  React:
    :path: "../node_modules/react-native/"
  React-callinvoker:
    :path: "../node_modules/react-native/ReactCommon/callinvoker"
  React-Codegen:
    :path: build/generated/ios
  React-Core:
    :path: "../node_modules/react-native/"
  React-CoreModules:
    :path: "../node_modules/react-native/React/CoreModules"
  React-cxxreact:
    :path: "../node_modules/react-native/ReactCommon/cxxreact"
  React-jsc:
    :path: "../node_modules/react-native/ReactCommon/jsc"
  React-jsi:
    :path: "../node_modules/react-native/ReactCommon/jsi"
  React-jsiexecutor:
    :path: "../node_modules/react-native/ReactCommon/jsiexecutor"
  React-jsinspector:
    :path: "../node_modules/react-native/ReactCommon/jsinspector"
  React-logger:
    :path: "../node_modules/react-native/ReactCommon/logger"
  react-native-cameraroll:
    :path: "../node_modules/@react-native-camera-roll/camera-roll"
  react-native-image-picker:
    :path: "../node_modules/react-native-image-picker"
  react-native-safe-area-context:
    :path: "../node_modules/react-native-safe-area-context"
  react-native-segmented-control:
    :path: "../node_modules/@react-native-community/segmented-control"
  react-native-slider:
    :path: "../node_modules/@react-native-community/slider"
  React-perflogger:
    :path: "../node_modules/react-native/ReactCommon/reactperflogger"
  React-RCTActionSheet:
    :path: "../node_modules/react-native/Libraries/ActionSheetIOS"
  React-RCTAnimation:
    :path: "../node_modules/react-native/Libraries/NativeAnimation"
  React-RCTAppDelegate:
    :path: "../node_modules/react-native/Libraries/AppDelegate"
  React-RCTBlob:
    :path: "../node_modules/react-native/Libraries/Blob"
  React-RCTImage:
    :path: "../node_modules/react-native/Libraries/Image"
  React-RCTLinking:
    :path: "../node_modules/react-native/Libraries/LinkingIOS"
  React-RCTNetwork:
    :path: "../node_modules/react-native/Libraries/Network"
  React-RCTSettings:
    :path: "../node_modules/react-native/Libraries/Settings"
  React-RCTText:
    :path: "../node_modules/react-native/Libraries/Text"
  React-RCTVibration:
    :path: "../node_modules/react-native/Libraries/Vibration"
  React-runtimeexecutor:
    :path: "../node_modules/react-native/ReactCommon/runtimeexecutor"
  ReactCommon:
    :path: "../node_modules/react-native/ReactCommon"
  RNCAsyncStorage:
    :path: "../node_modules/@react-native-async-storage/async-storage"
  RNCCheckbox:
    :path: "../node_modules/@react-native-community/checkbox"
  RNCPicker:
    :path: "../node_modules/@react-native-picker/picker"
  RNFBApp:
    :path: "../node_modules/@react-native-firebase/app"
  RNFBMessaging:
    :path: "../node_modules/@react-native-firebase/messaging"
  RNGestureHandler:
    :path: "../node_modules/react-native-gesture-handler"
  RNImageCropPicker:
    :path: "../node_modules/react-native-image-crop-picker"
  RNReanimated:
    :path: "../node_modules/react-native-reanimated"
  RNScreens:
    :path: "../node_modules/react-native-screens"
  RNSVG:
    :path: "../node_modules/react-native-svg"
  RNVectorIcons:
    :path: "../node_modules/react-native-vector-icons"
  Yoga:
    :path: "../node_modules/react-native/ReactCommon/yoga"

SPEC CHECKSUMS:
  BEMCheckBox: 5ba6e37ade3d3657b36caecc35c8b75c6c2b1a4e
  boost: 57d2868c099736d80fcd648bf211b4431e51a558
  DoubleConversion: 5189b271737e1565bdce30deb4a08d647e3f5f54
  FBLazyVector: 61839cba7a48c570b7ac3e1cd8a4d0948382202f
  FBReactNativeSpec: 5a14398ccf5e27c1ca2d7109eb920594ce93c10d
  Firebase: 31d9575c124839fb5abc0db6d39511cc1dab1b85
  FirebaseCore: 62fd4d549f5e3f3bd52b7998721c5fa0557fb355
  FirebaseCoreExtension: cacdad57fdb60e0b86dcbcac058ec78237946759
  FirebaseCoreInternal: 9e46c82a14a3b3a25be4e1e151ce6d21536b89c0
  FirebaseInstallations: 2a2c6859354cbec0a228a863d4daf6de7c74ced4
  FirebaseMessaging: 06253e9669434df0a40718fc82a90c78090f4704
  fmt: ff9d55029c625d3757ed641535fd4a75fedc7ce9
  glog: 04b94705f318337d7ead9e6d17c019bd9b1f6b1b
  GoogleDataTransport: f0308f5905a745f94fb91fea9c6cbaf3831cb1bd
  GoogleUtilities: 9aa0ad5a7bc171f8bae016300bfcfa3fb8425749
  nanopb: b552cce312b6c8484180ef47159bc0f65a1f0431
  PromisesObjC: 09985d6d70fbe7878040aa746d78236e6946d2ef
  RCT-Folly: 424b8c9a7a0b9ab2886ffe9c3b041ef628fd4fb1
  RCTRequired: dea3e4163184ea57c50288c15c32c1529265c58f
  RCTTypeSafety: a0834ab89159a346731e8aae55ad6e2cce61c327
  React: d877d055ff2137ca0325a4babdef3411e11f3cb7
  React-callinvoker: 77bd2701eee3acac154b11ec219e68d5a1f780ad
  React-Codegen: 30481c0f278994261b4994814e474ad70c0e00e4
  React-Core: f8ba3702767036d5d0ec810c1030e396f14d8a2b
  React-CoreModules: b6a1f76423fea57a03e0d7a2f79d3b55cf193f2c
  React-cxxreact: fe5f6ec8ae875bebc71309d1e8ef89bb966d61a6
  React-jsc: 429b65a21e4d6e707ba9e3c631d3a7dd4f8810e4
  React-jsi: 4a1902ec0b10572be249c247d1094e8ad3c5fa25
  React-jsiexecutor: 060dd495f1e2af3d87216f7ca8a94c55ec885b4f
  React-jsinspector: 5061fcbec93fd672183dfb39cc2f65e55a0835db
  React-logger: a6c0b3a807a8e81f6d7fea2e72660766f55daa50
  react-native-cameraroll: aff50ec1df9d054626dceca9336e6644e153d32f
  react-native-image-picker: db60857e03d63721f19b6f4027de20429ddd9cba
  react-native-safe-area-context: 9e40fb181dac02619414ba1294d6c2a807056ab9
  react-native-segmented-control: 65df6cd0619b780b3843d574a72d4c7cec396097
  react-native-slider: 33b8d190b59d4f67a541061bb91775d53d617d9d
  React-perflogger: e5fc4149e9bbb972b8520277f3b23141faa47a36
  React-RCTActionSheet: 991de88216bf03ab9bb1d213d73c62ecbe64ade7
  React-RCTAnimation: b74e3d1bf5280891a573e447b487fa1db0713b5b
  React-RCTAppDelegate: a7f9a1640cc398c71824280a59a269e0253e78f0
  React-RCTBlob: 6762787c01d5d8d18efed03764b0d58d3b79595a
  React-RCTImage: 9ed7eba8dd192a49def2cad2ecaedee7e7e315b4
  React-RCTLinking: 0b58eed9af0645a161b80bf412b6b721e4585c66
  React-RCTNetwork: dc075b0eea00d8a98c928f011d9bc2458acc7092
  React-RCTSettings: 30fb3f498cfaf8a4bb47334ff9ffbe318ef78766
  React-RCTText: a631564e84a227fe24bae7c04446f36faea7fcf5
  React-RCTVibration: 55c91eccdbd435d7634efbe847086944389475b0
  React-runtimeexecutor: ac80782d9d76ba2b0f709f4de0c427fe33c352dc
  ReactCommon: 7fa51a84874559b7177b0bacb92d331a6f788912
  RNCAsyncStorage: ddc4ee162bfd41b0d2c68bf2d95acd81dd7f1f93
  RNCCheckbox: 75255b03e604bbcc26411eb31c4cbe3e3865f538
  RNCPicker: 0bc2f0a29abcca7b7ed44a2d036aac9ab6d25700
  RNFBApp: fdbde65110240cd843e644270e974e9b455b0fc1
  RNFBMessaging: 3aca7a5b3b1f79a9ee75026662ea57693436a338
  RNGestureHandler: a479ebd5ed4221a810967000735517df0d2db211
  RNImageCropPicker: 14fe1c29298fb4018f3186f455c475ab107da332
  RNReanimated: f186e85d9f28c9383d05ca39e11dd194f59093ec
  RNScreens: 68fd1060f57dd1023880bf4c05d74784b5392789
  RNSVG: 53c661b76829783cdaf9b7a57258f3d3b4c28315
  RNVectorIcons: fcc2f6cb32f5735b586e66d14103a74ce6ad61f8
  TOCropViewController: edfd4f25713d56905ad1e0b9f5be3fbe0f59c863
  Yoga: c618b544ff8bd8865cdca602f00cbcdb92fd6d31

PODFILE CHECKSUM: f2859e9a55540e7beffbe8b26d0d2583c6fee4a7

COCOAPODS: 1.12.1
